// !$*UTF8*$!
{
	archiveVersion = 1;
	classes = {
	};
	objectVersion = 50;
	objects = {

/* Begin PBXBuildFile section */
		3436C34B12530129A0A53615 /* Pods_TourusTests.framework in Frameworks */ = {isa = PBXBuildFile; fileRef = 69E149F3742025E8D629FDF0 /* Pods_TourusTests.framework */; };
		422F9A4484FE7EBADD89A4A1 /* Pods_TourusUITests.framework in Frameworks */ = {isa = PBXBuildFile; fileRef = 061A154EA91F4A4ADE7EC42F /* Pods_TourusUITests.framework */; };
		842F902B22416C8600003932 /* OptionSqlExtension.swift in Sources */ = {isa = PBXBuildFile; fileRef = 842F902A22416C8600003932 /* OptionSqlExtension.swift */; };
		842F902F2241878500003932 /* org-tourus-acb4d-options.json in Resources */ = {isa = PBXBuildFile; fileRef = 842F902D2241878500003932 /* org-tourus-acb4d-options.json */; };
		843F5E5921DD55440098FA3E /* FirebaseModel.swift in Sources */ = {isa = PBXBuildFile; fileRef = 843F5E5821DD55440098FA3E /* FirebaseModel.swift */; };
		843F5E5B21DD58B80098FA3E /* MainModel.swift in Sources */ = {isa = PBXBuildFile; fileRef = 843F5E5A21DD58B80098FA3E /* MainModel.swift */; };
		843F5E5D21DD593F0098FA3E /* SqlModel.swift in Sources */ = {isa = PBXBuildFile; fileRef = 843F5E5C21DD593F0098FA3E /* SqlModel.swift */; };
		843F5E5F21DD59C60098FA3E /* NotificationModel.swift in Sources */ = {isa = PBXBuildFile; fileRef = 843F5E5E21DD59C60098FA3E /* NotificationModel.swift */; };
		8440930D222AD2F1007E058D /* PlacesModel.swift in Sources */ = {isa = PBXBuildFile; fileRef = 8440930C222AD2F1007E058D /* PlacesModel.swift */; };
		8440930F222AE7EB007E058D /* Place.swift in Sources */ = {isa = PBXBuildFile; fileRef = 8440930E222AE7EB007E058D /* Place.swift */; };
		8448D806224F6CC800594661 /* GooglePlace.swift in Sources */ = {isa = PBXBuildFile; fileRef = 8448D805224F6CC800594661 /* GooglePlace.swift */; };
		8448D808224F95F700594661 /* GooglePlacesResponse.swift in Sources */ = {isa = PBXBuildFile; fileRef = 8448D807224F95F700594661 /* GooglePlacesResponse.swift */; };
		8449C6E121E13280002A6AF6 /* BuisyIndicator.swift in Sources */ = {isa = PBXBuildFile; fileRef = 8449C6E021E13280002A6AF6 /* BuisyIndicator.swift */; };
		8449C6E421E1362C002A6AF6 /* UiImageExtension.swift in Sources */ = {isa = PBXBuildFile; fileRef = 8449C6E321E1362C002A6AF6 /* UiImageExtension.swift */; };
		8449C6EE21E13D5E002A6AF6 /* loading.gif in Resources */ = {isa = PBXBuildFile; fileRef = 8449C6ED21E13D5D002A6AF6 /* loading.gif */; };
		8449C6F021E14093002A6AF6 /* SettingsViewController.swift in Sources */ = {isa = PBXBuildFile; fileRef = 8449C6EF21E14093002A6AF6 /* SettingsViewController.swift */; };
		8449C6F221E14748002A6AF6 /* OHCircleSegue.swift in Sources */ = {isa = PBXBuildFile; fileRef = 8449C6F121E14748002A6AF6 /* OHCircleSegue.swift */; };
		8458502D21E3CA5500DF7C68 /* UIOptionButton.swift in Sources */ = {isa = PBXBuildFile; fileRef = 8458502C21E3CA5500DF7C68 /* UIOptionButton.swift */; };
		8458503321E3D85900DF7C68 /* Interaction.swift in Sources */ = {isa = PBXBuildFile; fileRef = 8458503221E3D85900DF7C68 /* Interaction.swift */; };
		8458503521E3E51200DF7C68 /* UIColorExtension.swift in Sources */ = {isa = PBXBuildFile; fileRef = 8458503421E3E51200DF7C68 /* UIColorExtension.swift */; };
		8458503721E4049100DF7C68 /* UIViewExtension.swift in Sources */ = {isa = PBXBuildFile; fileRef = 8458503621E4049100DF7C68 /* UIViewExtension.swift */; };
		845D1F8F223FEC2000C73585 /* InteractionSqlExtension.swift in Sources */ = {isa = PBXBuildFile; fileRef = 845D1F8E223FEC2000C73585 /* InteractionSqlExtension.swift */; };
		84690E12229821E2000959A9 /* MoreInfoViewController.swift in Sources */ = {isa = PBXBuildFile; fileRef = 84690E11229821E2000959A9 /* MoreInfoViewController.swift */; };
		84690E1822982BCB000959A9 /* RoundUIView.swift in Sources */ = {isa = PBXBuildFile; fileRef = 84690E1722982BCB000959A9 /* RoundUIView.swift */; };
		84690E1E22984DEC000959A9 /* RoundUIImageView.swift in Sources */ = {isa = PBXBuildFile; fileRef = 84690E1D22984DEC000959A9 /* RoundUIImageView.swift */; };
		846F9B22229298970046927A /* InteractionStory.swift in Sources */ = {isa = PBXBuildFile; fileRef = 846F9B21229298970046927A /* InteractionStory.swift */; };
		848812772256A8B200FC14B6 /* org-tourus-acb4d-interactions.json in Resources */ = {isa = PBXBuildFile; fileRef = 848812762256A8B100FC14B6 /* org-tourus-acb4d-interactions.json */; };
		849CA33B226F433900C5DC55 /* GraphView.swift in Sources */ = {isa = PBXBuildFile; fileRef = 849CA33A226F433900C5DC55 /* GraphView.swift */; };
		849D3EAF21DE8D18002F74B2 /* RegisterViewController.swift in Sources */ = {isa = PBXBuildFile; fileRef = 849D3EAE21DE8D18002F74B2 /* RegisterViewController.swift */; };
		849D3EB121DE8D2D002F74B2 /* LoginViewController.swift in Sources */ = {isa = PBXBuildFile; fileRef = 849D3EB021DE8D2D002F74B2 /* LoginViewController.swift */; };
		849D3EB321DE8F4A002F74B2 /* Consts.swift in Sources */ = {isa = PBXBuildFile; fileRef = 849D3EB221DE8F4A002F74B2 /* Consts.swift */; };
		849D3EB921DE91E2002F74B2 /* UserInfo.swift in Sources */ = {isa = PBXBuildFile; fileRef = 849D3EB821DE91E2002F74B2 /* UserInfo.swift */; };
		84A50BC9225BC102001C2C06 /* UIApplicationExtension.swift in Sources */ = {isa = PBXBuildFile; fileRef = 84A50BC8225BC102001C2C06 /* UIApplicationExtension.swift */; };
		84AF72FD22466D9B00029F48 /* AlgorithmModel.swift in Sources */ = {isa = PBXBuildFile; fileRef = 84AF72FC22466D9B00029F48 /* AlgorithmModel.swift */; };
		84B4B9782287516900906B27 /* PopTip.swift in Sources */ = {isa = PBXBuildFile; fileRef = 84B4B9772287516900906B27 /* PopTip.swift */; };
		84B4B97A228751D200906B27 /* PopTip+Draw.swift in Sources */ = {isa = PBXBuildFile; fileRef = 84B4B979228751D200906B27 /* PopTip+Draw.swift */; };
		84B4B97C228751EB00906B27 /* PopTip+Transitions.swift in Sources */ = {isa = PBXBuildFile; fileRef = 84B4B97B228751EB00906B27 /* PopTip+Transitions.swift */; };
		84D2D44721CE6AAC004524D3 /* AppDelegate.swift in Sources */ = {isa = PBXBuildFile; fileRef = 84D2D44621CE6AAC004524D3 /* AppDelegate.swift */; };
		84D2D44C21CE6AAC004524D3 /* Main.storyboard in Resources */ = {isa = PBXBuildFile; fileRef = 84D2D44A21CE6AAC004524D3 /* Main.storyboard */; };
		84D2D44E21CE6AAE004524D3 /* Assets.xcassets in Resources */ = {isa = PBXBuildFile; fileRef = 84D2D44D21CE6AAE004524D3 /* Assets.xcassets */; };
		84D2D45C21CE6AAE004524D3 /* TourusTests.swift in Sources */ = {isa = PBXBuildFile; fileRef = 84D2D45B21CE6AAE004524D3 /* TourusTests.swift */; };
		84D2D46721CE6AAE004524D3 /* TourusUITests.swift in Sources */ = {isa = PBXBuildFile; fileRef = 84D2D46621CE6AAE004524D3 /* TourusUITests.swift */; };
		84D2D47521CE6EB8004524D3 /* GoogleService-Info.plist in Resources */ = {isa = PBXBuildFile; fileRef = 84D2D47421CE6EB8004524D3 /* GoogleService-Info.plist */; };
		84DAFA3F21DEB462009DAC2E /* MainViewController.swift in Sources */ = {isa = PBXBuildFile; fileRef = 84DAFA3E21DEB462009DAC2E /* MainViewController.swift */; };
		84E3672A21E1573900122FD8 /* UserInfoSqlExtension.swift in Sources */ = {isa = PBXBuildFile; fileRef = 84E3672921E1573900122FD8 /* UserInfoSqlExtension.swift */; };
		84E3672D21E1578A00122FD8 /* LastUpdateSplDates.swift in Sources */ = {isa = PBXBuildFile; fileRef = 84E3672C21E1578A00122FD8 /* LastUpdateSplDates.swift */; };
		84E3673121E15EC500122FD8 /* SBCardPopupViewController.swift in Sources */ = {isa = PBXBuildFile; fileRef = 84E3673021E15EC500122FD8 /* SBCardPopupViewController.swift */; };
		F2DC9ACDC3D5861E2EE851B3 /* Pods_Tourus.framework in Frameworks */ = {isa = PBXBuildFile; fileRef = 94A8D8BCB1BF426C538DA8AE /* Pods_Tourus.framework */; };
/* End PBXBuildFile section */

/* Begin PBXContainerItemProxy section */
		84D2D45821CE6AAE004524D3 /* PBXContainerItemProxy */ = {
			isa = PBXContainerItemProxy;
			containerPortal = 84D2D43B21CE6AAC004524D3 /* Project object */;
			proxyType = 1;
			remoteGlobalIDString = 84D2D44221CE6AAC004524D3;
			remoteInfo = Tourus;
		};
		84D2D46321CE6AAE004524D3 /* PBXContainerItemProxy */ = {
			isa = PBXContainerItemProxy;
			containerPortal = 84D2D43B21CE6AAC004524D3 /* Project object */;
			proxyType = 1;
			remoteGlobalIDString = 84D2D44221CE6AAC004524D3;
			remoteInfo = Tourus;
		};
/* End PBXContainerItemProxy section */

/* Begin PBXFileReference section */
		02F3022251874EC8C077F2D6 /* Pods-TourusTests.release.xcconfig */ = {isa = PBXFileReference; includeInIndex = 1; lastKnownFileType = text.xcconfig; name = "Pods-TourusTests.release.xcconfig"; path = "Pods/Target Support Files/Pods-TourusTests/Pods-TourusTests.release.xcconfig"; sourceTree = "<group>"; };
		061A154EA91F4A4ADE7EC42F /* Pods_TourusUITests.framework */ = {isa = PBXFileReference; explicitFileType = wrapper.framework; includeInIndex = 0; path = Pods_TourusUITests.framework; sourceTree = BUILT_PRODUCTS_DIR; };
		5BEDB67B36EF30DACBDB381F /* Pods-TourusTests.debug.xcconfig */ = {isa = PBXFileReference; includeInIndex = 1; lastKnownFileType = text.xcconfig; name = "Pods-TourusTests.debug.xcconfig"; path = "Pods/Target Support Files/Pods-TourusTests/Pods-TourusTests.debug.xcconfig"; sourceTree = "<group>"; };
		69E149F3742025E8D629FDF0 /* Pods_TourusTests.framework */ = {isa = PBXFileReference; explicitFileType = wrapper.framework; includeInIndex = 0; path = Pods_TourusTests.framework; sourceTree = BUILT_PRODUCTS_DIR; };
		842F902A22416C8600003932 /* OptionSqlExtension.swift */ = {isa = PBXFileReference; lastKnownFileType = sourcecode.swift; path = OptionSqlExtension.swift; sourceTree = "<group>"; };
		842F902D2241878500003932 /* org-tourus-acb4d-options.json */ = {isa = PBXFileReference; fileEncoding = 4; lastKnownFileType = text.json; path = "org-tourus-acb4d-options.json"; sourceTree = "<group>"; };
		843F5E5821DD55440098FA3E /* FirebaseModel.swift */ = {isa = PBXFileReference; lastKnownFileType = sourcecode.swift; path = FirebaseModel.swift; sourceTree = "<group>"; };
		843F5E5A21DD58B80098FA3E /* MainModel.swift */ = {isa = PBXFileReference; lastKnownFileType = sourcecode.swift; path = MainModel.swift; sourceTree = "<group>"; };
		843F5E5C21DD593F0098FA3E /* SqlModel.swift */ = {isa = PBXFileReference; lastKnownFileType = sourcecode.swift; path = SqlModel.swift; sourceTree = "<group>"; };
		843F5E5E21DD59C60098FA3E /* NotificationModel.swift */ = {isa = PBXFileReference; lastKnownFileType = sourcecode.swift; path = NotificationModel.swift; sourceTree = "<group>"; };
		8440930C222AD2F1007E058D /* PlacesModel.swift */ = {isa = PBXFileReference; lastKnownFileType = sourcecode.swift; path = PlacesModel.swift; sourceTree = "<group>"; };
		8440930E222AE7EB007E058D /* Place.swift */ = {isa = PBXFileReference; lastKnownFileType = sourcecode.swift; path = Place.swift; sourceTree = "<group>"; };
		8448D805224F6CC800594661 /* GooglePlace.swift */ = {isa = PBXFileReference; lastKnownFileType = sourcecode.swift; path = GooglePlace.swift; sourceTree = "<group>"; };
		8448D807224F95F700594661 /* GooglePlacesResponse.swift */ = {isa = PBXFileReference; lastKnownFileType = sourcecode.swift; path = GooglePlacesResponse.swift; sourceTree = "<group>"; };
		8449C6E021E13280002A6AF6 /* BuisyIndicator.swift */ = {isa = PBXFileReference; lastKnownFileType = sourcecode.swift; path = BuisyIndicator.swift; sourceTree = "<group>"; };
		8449C6E321E1362C002A6AF6 /* UiImageExtension.swift */ = {isa = PBXFileReference; lastKnownFileType = sourcecode.swift; path = UiImageExtension.swift; sourceTree = "<group>"; };
		8449C6ED21E13D5D002A6AF6 /* loading.gif */ = {isa = PBXFileReference; lastKnownFileType = image.gif; path = loading.gif; sourceTree = "<group>"; };
		8449C6EF21E14093002A6AF6 /* SettingsViewController.swift */ = {isa = PBXFileReference; lastKnownFileType = sourcecode.swift; path = SettingsViewController.swift; sourceTree = "<group>"; };
		8449C6F121E14748002A6AF6 /* OHCircleSegue.swift */ = {isa = PBXFileReference; fileEncoding = 4; lastKnownFileType = sourcecode.swift; path = OHCircleSegue.swift; sourceTree = "<group>"; };
		8458502C21E3CA5500DF7C68 /* UIOptionButton.swift */ = {isa = PBXFileReference; lastKnownFileType = sourcecode.swift; path = UIOptionButton.swift; sourceTree = "<group>"; };
		8458503221E3D85900DF7C68 /* Interaction.swift */ = {isa = PBXFileReference; lastKnownFileType = sourcecode.swift; path = Interaction.swift; sourceTree = "<group>"; };
		8458503421E3E51200DF7C68 /* UIColorExtension.swift */ = {isa = PBXFileReference; lastKnownFileType = sourcecode.swift; path = UIColorExtension.swift; sourceTree = "<group>"; };
		8458503621E4049100DF7C68 /* UIViewExtension.swift */ = {isa = PBXFileReference; lastKnownFileType = sourcecode.swift; path = UIViewExtension.swift; sourceTree = "<group>"; };
		845D1F8E223FEC2000C73585 /* InteractionSqlExtension.swift */ = {isa = PBXFileReference; lastKnownFileType = sourcecode.swift; path = InteractionSqlExtension.swift; sourceTree = "<group>"; };
		84690E11229821E2000959A9 /* MoreInfoViewController.swift */ = {isa = PBXFileReference; lastKnownFileType = sourcecode.swift; path = MoreInfoViewController.swift; sourceTree = "<group>"; };
		84690E1722982BCB000959A9 /* RoundUIView.swift */ = {isa = PBXFileReference; lastKnownFileType = sourcecode.swift; path = RoundUIView.swift; sourceTree = "<group>"; };
		84690E1D22984DEC000959A9 /* RoundUIImageView.swift */ = {isa = PBXFileReference; lastKnownFileType = sourcecode.swift; path = RoundUIImageView.swift; sourceTree = "<group>"; };
		846F9B21229298970046927A /* InteractionStory.swift */ = {isa = PBXFileReference; lastKnownFileType = sourcecode.swift; path = InteractionStory.swift; sourceTree = "<group>"; };
		848812762256A8B100FC14B6 /* org-tourus-acb4d-interactions.json */ = {isa = PBXFileReference; fileEncoding = 4; lastKnownFileType = text.json; path = "org-tourus-acb4d-interactions.json"; sourceTree = "<group>"; };
		849CA33A226F433900C5DC55 /* GraphView.swift */ = {isa = PBXFileReference; lastKnownFileType = sourcecode.swift; path = GraphView.swift; sourceTree = "<group>"; };
		849D3EAE21DE8D18002F74B2 /* RegisterViewController.swift */ = {isa = PBXFileReference; lastKnownFileType = sourcecode.swift; path = RegisterViewController.swift; sourceTree = "<group>"; };
		849D3EB021DE8D2D002F74B2 /* LoginViewController.swift */ = {isa = PBXFileReference; lastKnownFileType = sourcecode.swift; path = LoginViewController.swift; sourceTree = "<group>"; };
		849D3EB221DE8F4A002F74B2 /* Consts.swift */ = {isa = PBXFileReference; lastKnownFileType = sourcecode.swift; path = Consts.swift; sourceTree = "<group>"; };
		849D3EB821DE91E2002F74B2 /* UserInfo.swift */ = {isa = PBXFileReference; lastKnownFileType = sourcecode.swift; path = UserInfo.swift; sourceTree = "<group>"; };
		84A50BC8225BC102001C2C06 /* UIApplicationExtension.swift */ = {isa = PBXFileReference; lastKnownFileType = sourcecode.swift; path = UIApplicationExtension.swift; sourceTree = "<group>"; };
		84AF72FC22466D9B00029F48 /* AlgorithmModel.swift */ = {isa = PBXFileReference; lastKnownFileType = sourcecode.swift; path = AlgorithmModel.swift; sourceTree = "<group>"; };
		84B4B9772287516900906B27 /* PopTip.swift */ = {isa = PBXFileReference; lastKnownFileType = sourcecode.swift; path = PopTip.swift; sourceTree = "<group>"; };
		84B4B979228751D200906B27 /* PopTip+Draw.swift */ = {isa = PBXFileReference; lastKnownFileType = sourcecode.swift; path = "PopTip+Draw.swift"; sourceTree = "<group>"; };
		84B4B97B228751EB00906B27 /* PopTip+Transitions.swift */ = {isa = PBXFileReference; lastKnownFileType = sourcecode.swift; path = "PopTip+Transitions.swift"; sourceTree = "<group>"; };
		84D2D44321CE6AAC004524D3 /* Tourus.app */ = {isa = PBXFileReference; explicitFileType = wrapper.application; includeInIndex = 0; path = Tourus.app; sourceTree = BUILT_PRODUCTS_DIR; };
		84D2D44621CE6AAC004524D3 /* AppDelegate.swift */ = {isa = PBXFileReference; lastKnownFileType = sourcecode.swift; path = AppDelegate.swift; sourceTree = "<group>"; };
		84D2D44B21CE6AAC004524D3 /* Base */ = {isa = PBXFileReference; lastKnownFileType = file.storyboard; name = Base; path = Base.lproj/Main.storyboard; sourceTree = "<group>"; };
		84D2D44D21CE6AAE004524D3 /* Assets.xcassets */ = {isa = PBXFileReference; lastKnownFileType = folder.assetcatalog; path = Assets.xcassets; sourceTree = "<group>"; };
		84D2D45221CE6AAE004524D3 /* Info.plist */ = {isa = PBXFileReference; lastKnownFileType = text.plist.xml; path = Info.plist; sourceTree = "<group>"; };
		84D2D45721CE6AAE004524D3 /* TourusTests.xctest */ = {isa = PBXFileReference; explicitFileType = wrapper.cfbundle; includeInIndex = 0; path = TourusTests.xctest; sourceTree = BUILT_PRODUCTS_DIR; };
		84D2D45B21CE6AAE004524D3 /* TourusTests.swift */ = {isa = PBXFileReference; lastKnownFileType = sourcecode.swift; path = TourusTests.swift; sourceTree = "<group>"; };
		84D2D45D21CE6AAE004524D3 /* Info.plist */ = {isa = PBXFileReference; lastKnownFileType = text.plist.xml; path = Info.plist; sourceTree = "<group>"; };
		84D2D46221CE6AAE004524D3 /* TourusUITests.xctest */ = {isa = PBXFileReference; explicitFileType = wrapper.cfbundle; includeInIndex = 0; path = TourusUITests.xctest; sourceTree = BUILT_PRODUCTS_DIR; };
		84D2D46621CE6AAE004524D3 /* TourusUITests.swift */ = {isa = PBXFileReference; lastKnownFileType = sourcecode.swift; path = TourusUITests.swift; sourceTree = "<group>"; };
		84D2D46821CE6AAE004524D3 /* Info.plist */ = {isa = PBXFileReference; lastKnownFileType = text.plist.xml; path = Info.plist; sourceTree = "<group>"; };
		84D2D47421CE6EB8004524D3 /* GoogleService-Info.plist */ = {isa = PBXFileReference; fileEncoding = 4; lastKnownFileType = text.plist.xml; path = "GoogleService-Info.plist"; sourceTree = "<group>"; };
		84DAFA3E21DEB462009DAC2E /* MainViewController.swift */ = {isa = PBXFileReference; lastKnownFileType = sourcecode.swift; path = MainViewController.swift; sourceTree = "<group>"; };
		84E3672921E1573900122FD8 /* UserInfoSqlExtension.swift */ = {isa = PBXFileReference; lastKnownFileType = sourcecode.swift; path = UserInfoSqlExtension.swift; sourceTree = "<group>"; };
		84E3672C21E1578A00122FD8 /* LastUpdateSplDates.swift */ = {isa = PBXFileReference; lastKnownFileType = sourcecode.swift; path = LastUpdateSplDates.swift; sourceTree = "<group>"; };
		84E3673021E15EC500122FD8 /* SBCardPopupViewController.swift */ = {isa = PBXFileReference; lastKnownFileType = sourcecode.swift; path = SBCardPopupViewController.swift; sourceTree = "<group>"; };
		8F726E5FF9087ED1C78FE734 /* Pods-TourusUITests.release.xcconfig */ = {isa = PBXFileReference; includeInIndex = 1; lastKnownFileType = text.xcconfig; name = "Pods-TourusUITests.release.xcconfig"; path = "Pods/Target Support Files/Pods-TourusUITests/Pods-TourusUITests.release.xcconfig"; sourceTree = "<group>"; };
		94A8D8BCB1BF426C538DA8AE /* Pods_Tourus.framework */ = {isa = PBXFileReference; explicitFileType = wrapper.framework; includeInIndex = 0; path = Pods_Tourus.framework; sourceTree = BUILT_PRODUCTS_DIR; };
		B5FE3A27884616B280352506 /* Pods-Tourus.debug.xcconfig */ = {isa = PBXFileReference; includeInIndex = 1; lastKnownFileType = text.xcconfig; name = "Pods-Tourus.debug.xcconfig"; path = "Pods/Target Support Files/Pods-Tourus/Pods-Tourus.debug.xcconfig"; sourceTree = "<group>"; };
		ECCBCDBE37C4055B7475E701 /* Pods-Tourus.release.xcconfig */ = {isa = PBXFileReference; includeInIndex = 1; lastKnownFileType = text.xcconfig; name = "Pods-Tourus.release.xcconfig"; path = "Pods/Target Support Files/Pods-Tourus/Pods-Tourus.release.xcconfig"; sourceTree = "<group>"; };
		F87CFDDD5412DBEB90CDA8C3 /* Pods-TourusUITests.debug.xcconfig */ = {isa = PBXFileReference; includeInIndex = 1; lastKnownFileType = text.xcconfig; name = "Pods-TourusUITests.debug.xcconfig"; path = "Pods/Target Support Files/Pods-TourusUITests/Pods-TourusUITests.debug.xcconfig"; sourceTree = "<group>"; };
/* End PBXFileReference section */

/* Begin PBXFrameworksBuildPhase section */
		84D2D44021CE6AAC004524D3 /* Frameworks */ = {
			isa = PBXFrameworksBuildPhase;
			buildActionMask = 2147483647;
			files = (
				F2DC9ACDC3D5861E2EE851B3 /* Pods_Tourus.framework in Frameworks */,
			);
			runOnlyForDeploymentPostprocessing = 0;
		};
		84D2D45421CE6AAE004524D3 /* Frameworks */ = {
			isa = PBXFrameworksBuildPhase;
			buildActionMask = 2147483647;
			files = (
				3436C34B12530129A0A53615 /* Pods_TourusTests.framework in Frameworks */,
			);
			runOnlyForDeploymentPostprocessing = 0;
		};
		84D2D45F21CE6AAE004524D3 /* Frameworks */ = {
			isa = PBXFrameworksBuildPhase;
			buildActionMask = 2147483647;
			files = (
				422F9A4484FE7EBADD89A4A1 /* Pods_TourusUITests.framework in Frameworks */,
			);
			runOnlyForDeploymentPostprocessing = 0;
		};
/* End PBXFrameworksBuildPhase section */

/* Begin PBXGroup section */
		43149C8A1ADE4A2878B0249F /* Frameworks */ = {
			isa = PBXGroup;
			children = (
				94A8D8BCB1BF426C538DA8AE /* Pods_Tourus.framework */,
				69E149F3742025E8D629FDF0 /* Pods_TourusTests.framework */,
				061A154EA91F4A4ADE7EC42F /* Pods_TourusUITests.framework */,
			);
			name = Frameworks;
			sourceTree = "<group>";
		};
		843F5E5421DD54C10098FA3E /* Models */ = {
			isa = PBXGroup;
			children = (
				843F5E5821DD55440098FA3E /* FirebaseModel.swift */,
				843F5E5A21DD58B80098FA3E /* MainModel.swift */,
				843F5E5C21DD593F0098FA3E /* SqlModel.swift */,
				843F5E5E21DD59C60098FA3E /* NotificationModel.swift */,
				8440930C222AD2F1007E058D /* PlacesModel.swift */,
				84AF72FC22466D9B00029F48 /* AlgorithmModel.swift */,
			);
			path = Models;
			sourceTree = "<group>";
		};
		843F5E5521DD54D10098FA3E /* Classes */ = {
			isa = PBXGroup;
			children = (
				8448D809224F981B00594661 /* Google */,
				8458503121E3D38100DF7C68 /* Segue */,
				8458503021E3D16200DF7C68 /* Controls */,
				84E3672B21E1577200122FD8 /* SQL */,
				8449C6E221E13603002A6AF6 /* Extensions */,
				849D3EB221DE8F4A002F74B2 /* Consts.swift */,
				849D3EB821DE91E2002F74B2 /* UserInfo.swift */,
				846F9B21229298970046927A /* InteractionStory.swift */,
				8458503221E3D85900DF7C68 /* Interaction.swift */,
				8440930E222AE7EB007E058D /* Place.swift */,
			);
			path = Classes;
			sourceTree = "<group>";
		};
		843F5E5621DD54F90098FA3E /* Images */ = {
			isa = PBXGroup;
			children = (
				8449C6ED21E13D5D002A6AF6 /* loading.gif */,
			);
			path = Images;
			sourceTree = "<group>";
		};
		843F5E5721DD55020098FA3E /* Controllers */ = {
			isa = PBXGroup;
			children = (
				8443E4B821E62AD600CED807 /* Controls Controllers */,
				849D3EAE21DE8D18002F74B2 /* RegisterViewController.swift */,
				849D3EB021DE8D2D002F74B2 /* LoginViewController.swift */,
				84DAFA3E21DEB462009DAC2E /* MainViewController.swift */,
				8449C6EF21E14093002A6AF6 /* SettingsViewController.swift */,
				84690E11229821E2000959A9 /* MoreInfoViewController.swift */,
			);
			path = Controllers;
			sourceTree = "<group>";
		};
		8443E4B821E62AD600CED807 /* Controls Controllers */ = {
			isa = PBXGroup;
			children = (
				84E3673021E15EC500122FD8 /* SBCardPopupViewController.swift */,
			);
			path = "Controls Controllers";
			sourceTree = "<group>";
		};
		8448D809224F981B00594661 /* Google */ = {
			isa = PBXGroup;
			children = (
				8448D807224F95F700594661 /* GooglePlacesResponse.swift */,
				8448D805224F6CC800594661 /* GooglePlace.swift */,
			);
			path = Google;
			sourceTree = "<group>";
		};
		8449C6E221E13603002A6AF6 /* Extensions */ = {
			isa = PBXGroup;
			children = (
				8449C6E321E1362C002A6AF6 /* UiImageExtension.swift */,
				84E3672921E1573900122FD8 /* UserInfoSqlExtension.swift */,
				8458503421E3E51200DF7C68 /* UIColorExtension.swift */,
				8458503621E4049100DF7C68 /* UIViewExtension.swift */,
				845D1F8E223FEC2000C73585 /* InteractionSqlExtension.swift */,
				842F902A22416C8600003932 /* OptionSqlExtension.swift */,
				84A50BC8225BC102001C2C06 /* UIApplicationExtension.swift */,
				84B4B979228751D200906B27 /* PopTip+Draw.swift */,
				84B4B97B228751EB00906B27 /* PopTip+Transitions.swift */,
			);
			path = Extensions;
			sourceTree = "<group>";
		};
		8458503021E3D16200DF7C68 /* Controls */ = {
			isa = PBXGroup;
			children = (
				8449C6E021E13280002A6AF6 /* BuisyIndicator.swift */,
				8458502C21E3CA5500DF7C68 /* UIOptionButton.swift */,
				849CA33A226F433900C5DC55 /* GraphView.swift */,
				84B4B9772287516900906B27 /* PopTip.swift */,
				84690E1722982BCB000959A9 /* RoundUIView.swift */,
				84690E1D22984DEC000959A9 /* RoundUIImageView.swift */,
			);
			path = Controls;
			sourceTree = "<group>";
		};
		8458503121E3D38100DF7C68 /* Segue */ = {
			isa = PBXGroup;
			children = (
				8449C6F121E14748002A6AF6 /* OHCircleSegue.swift */,
			);
			path = Segue;
			sourceTree = "<group>";
		};
		84A0102B22403C8800BADC55 /* Json Files */ = {
			isa = PBXGroup;
			children = (
				848812762256A8B100FC14B6 /* org-tourus-acb4d-interactions.json */,
				842F902D2241878500003932 /* org-tourus-acb4d-options.json */,
			);
			path = "Json Files";
			sourceTree = "<group>";
		};
		84D2D43A21CE6AAC004524D3 = {
			isa = PBXGroup;
			children = (
				84A0102B22403C8800BADC55 /* Json Files */,
				84D2D44521CE6AAC004524D3 /* Tourus */,
				84D2D45A21CE6AAE004524D3 /* TourusTests */,
				84D2D46521CE6AAE004524D3 /* TourusUITests */,
				84D2D44421CE6AAC004524D3 /* Products */,
				C24FB5CF0180E2593092A809 /* Pods */,
				43149C8A1ADE4A2878B0249F /* Frameworks */,
			);
			sourceTree = "<group>";
		};
		84D2D44421CE6AAC004524D3 /* Products */ = {
			isa = PBXGroup;
			children = (
				84D2D44321CE6AAC004524D3 /* Tourus.app */,
				84D2D45721CE6AAE004524D3 /* TourusTests.xctest */,
				84D2D46221CE6AAE004524D3 /* TourusUITests.xctest */,
			);
			name = Products;
			sourceTree = "<group>";
		};
		84D2D44521CE6AAC004524D3 /* Tourus */ = {
			isa = PBXGroup;
			children = (
				843F5E5721DD55020098FA3E /* Controllers */,
				843F5E5621DD54F90098FA3E /* Images */,
				843F5E5521DD54D10098FA3E /* Classes */,
				843F5E5421DD54C10098FA3E /* Models */,
				84D2D47421CE6EB8004524D3 /* GoogleService-Info.plist */,
				84D2D44A21CE6AAC004524D3 /* Main.storyboard */,
				84D2D44621CE6AAC004524D3 /* AppDelegate.swift */,
				84D2D44D21CE6AAE004524D3 /* Assets.xcassets */,
				84D2D45221CE6AAE004524D3 /* Info.plist */,
			);
			path = Tourus;
			sourceTree = "<group>";
		};
		84D2D45A21CE6AAE004524D3 /* TourusTests */ = {
			isa = PBXGroup;
			children = (
				84D2D45B21CE6AAE004524D3 /* TourusTests.swift */,
				84D2D45D21CE6AAE004524D3 /* Info.plist */,
			);
			path = TourusTests;
			sourceTree = "<group>";
		};
		84D2D46521CE6AAE004524D3 /* TourusUITests */ = {
			isa = PBXGroup;
			children = (
				84D2D46621CE6AAE004524D3 /* TourusUITests.swift */,
				84D2D46821CE6AAE004524D3 /* Info.plist */,
			);
			path = TourusUITests;
			sourceTree = "<group>";
		};
		84E3672B21E1577200122FD8 /* SQL */ = {
			isa = PBXGroup;
			children = (
				84E3672C21E1578A00122FD8 /* LastUpdateSplDates.swift */,
			);
			path = SQL;
			sourceTree = "<group>";
		};
		C24FB5CF0180E2593092A809 /* Pods */ = {
			isa = PBXGroup;
			children = (
				B5FE3A27884616B280352506 /* Pods-Tourus.debug.xcconfig */,
				ECCBCDBE37C4055B7475E701 /* Pods-Tourus.release.xcconfig */,
				5BEDB67B36EF30DACBDB381F /* Pods-TourusTests.debug.xcconfig */,
				02F3022251874EC8C077F2D6 /* Pods-TourusTests.release.xcconfig */,
				F87CFDDD5412DBEB90CDA8C3 /* Pods-TourusUITests.debug.xcconfig */,
				8F726E5FF9087ED1C78FE734 /* Pods-TourusUITests.release.xcconfig */,
			);
			name = Pods;
			sourceTree = "<group>";
		};
/* End PBXGroup section */

/* Begin PBXNativeTarget section */
		84D2D44221CE6AAC004524D3 /* Tourus */ = {
			isa = PBXNativeTarget;
			buildConfigurationList = 84D2D46B21CE6AAE004524D3 /* Build configuration list for PBXNativeTarget "Tourus" */;
			buildPhases = (
				06E0113AED4FC7BB56BCE4FC /* [CP] Check Pods Manifest.lock */,
				84D2D43F21CE6AAC004524D3 /* Sources */,
				84D2D44021CE6AAC004524D3 /* Frameworks */,
				84D2D44121CE6AAC004524D3 /* Resources */,
				E81BFED3656604164071041A /* [CP] Embed Pods Frameworks */,
				99F1612320EB56BCE8F98945 /* [CP] Copy Pods Resources */,
			);
			buildRules = (
			);
			dependencies = (
			);
			name = Tourus;
			productName = Tourus;
			productReference = 84D2D44321CE6AAC004524D3 /* Tourus.app */;
			productType = "com.apple.product-type.application";
		};
		84D2D45621CE6AAE004524D3 /* TourusTests */ = {
			isa = PBXNativeTarget;
			buildConfigurationList = 84D2D46E21CE6AAE004524D3 /* Build configuration list for PBXNativeTarget "TourusTests" */;
			buildPhases = (
				F63ABCE8B177A25C7B5A44FD /* [CP] Check Pods Manifest.lock */,
				84D2D45321CE6AAE004524D3 /* Sources */,
				84D2D45421CE6AAE004524D3 /* Frameworks */,
				84D2D45521CE6AAE004524D3 /* Resources */,
			);
			buildRules = (
			);
			dependencies = (
				84D2D45921CE6AAE004524D3 /* PBXTargetDependency */,
			);
			name = TourusTests;
			productName = TourusTests;
			productReference = 84D2D45721CE6AAE004524D3 /* TourusTests.xctest */;
			productType = "com.apple.product-type.bundle.unit-test";
		};
		84D2D46121CE6AAE004524D3 /* TourusUITests */ = {
			isa = PBXNativeTarget;
			buildConfigurationList = 84D2D47121CE6AAE004524D3 /* Build configuration list for PBXNativeTarget "TourusUITests" */;
			buildPhases = (
				800A5B2A822B599FD677B6DF /* [CP] Check Pods Manifest.lock */,
				84D2D45E21CE6AAE004524D3 /* Sources */,
				84D2D45F21CE6AAE004524D3 /* Frameworks */,
				84D2D46021CE6AAE004524D3 /* Resources */,
			);
			buildRules = (
			);
			dependencies = (
				84D2D46421CE6AAE004524D3 /* PBXTargetDependency */,
			);
			name = TourusUITests;
			productName = TourusUITests;
			productReference = 84D2D46221CE6AAE004524D3 /* TourusUITests.xctest */;
			productType = "com.apple.product-type.bundle.ui-testing";
		};
/* End PBXNativeTarget section */

/* Begin PBXProject section */
		84D2D43B21CE6AAC004524D3 /* Project object */ = {
			isa = PBXProject;
			attributes = {
				LastSwiftUpdateCheck = 1010;
				LastUpgradeCheck = 1010;
				ORGANIZATIONNAME = Tourus;
				TargetAttributes = {
					84D2D44221CE6AAC004524D3 = {
						CreatedOnToolsVersion = 10.1;
					};
					84D2D45621CE6AAE004524D3 = {
						CreatedOnToolsVersion = 10.1;
						TestTargetID = 84D2D44221CE6AAC004524D3;
					};
					84D2D46121CE6AAE004524D3 = {
						CreatedOnToolsVersion = 10.1;
						TestTargetID = 84D2D44221CE6AAC004524D3;
					};
				};
			};
			buildConfigurationList = 84D2D43E21CE6AAC004524D3 /* Build configuration list for PBXProject "Tourus" */;
			compatibilityVersion = "Xcode 9.3";
			developmentRegion = en;
			hasScannedForEncodings = 0;
			knownRegions = (
				en,
				Base,
			);
			mainGroup = 84D2D43A21CE6AAC004524D3;
			productRefGroup = 84D2D44421CE6AAC004524D3 /* Products */;
			projectDirPath = "";
			projectRoot = "";
			targets = (
				84D2D44221CE6AAC004524D3 /* Tourus */,
				84D2D45621CE6AAE004524D3 /* TourusTests */,
				84D2D46121CE6AAE004524D3 /* TourusUITests */,
			);
		};
/* End PBXProject section */

/* Begin PBXResourcesBuildPhase section */
		84D2D44121CE6AAC004524D3 /* Resources */ = {
			isa = PBXResourcesBuildPhase;
			buildActionMask = 2147483647;
			files = (
				842F902F2241878500003932 /* org-tourus-acb4d-options.json in Resources */,
				84D2D47521CE6EB8004524D3 /* GoogleService-Info.plist in Resources */,
				848812772256A8B200FC14B6 /* org-tourus-acb4d-interactions.json in Resources */,
				84D2D44E21CE6AAE004524D3 /* Assets.xcassets in Resources */,
				84D2D44C21CE6AAC004524D3 /* Main.storyboard in Resources */,
				8449C6EE21E13D5E002A6AF6 /* loading.gif in Resources */,
			);
			runOnlyForDeploymentPostprocessing = 0;
		};
		84D2D45521CE6AAE004524D3 /* Resources */ = {
			isa = PBXResourcesBuildPhase;
			buildActionMask = 2147483647;
			files = (
			);
			runOnlyForDeploymentPostprocessing = 0;
		};
		84D2D46021CE6AAE004524D3 /* Resources */ = {
			isa = PBXResourcesBuildPhase;
			buildActionMask = 2147483647;
			files = (
			);
			runOnlyForDeploymentPostprocessing = 0;
		};
/* End PBXResourcesBuildPhase section */

/* Begin PBXShellScriptBuildPhase section */
		06E0113AED4FC7BB56BCE4FC /* [CP] Check Pods Manifest.lock */ = {
			isa = PBXShellScriptBuildPhase;
			buildActionMask = 2147483647;
			files = (
			);
			inputPaths = (
				"${PODS_PODFILE_DIR_PATH}/Podfile.lock",
				"${PODS_ROOT}/Manifest.lock",
			);
			name = "[CP] Check Pods Manifest.lock";
			outputPaths = (
				"$(DERIVED_FILE_DIR)/Pods-Tourus-checkManifestLockResult.txt",
			);
			runOnlyForDeploymentPostprocessing = 0;
			shellPath = /bin/sh;
			shellScript = "diff \"${PODS_PODFILE_DIR_PATH}/Podfile.lock\" \"${PODS_ROOT}/Manifest.lock\" > /dev/null\nif [ $? != 0 ] ; then\n    # print error to STDERR\n    echo \"error: The sandbox is not in sync with the Podfile.lock. Run 'pod install' or update your CocoaPods installation.\" >&2\n    exit 1\nfi\n# This output is used by Xcode 'outputs' to avoid re-running this script phase.\necho \"SUCCESS\" > \"${SCRIPT_OUTPUT_FILE_0}\"\n";
			showEnvVarsInLog = 0;
		};
		800A5B2A822B599FD677B6DF /* [CP] Check Pods Manifest.lock */ = {
			isa = PBXShellScriptBuildPhase;
			buildActionMask = 2147483647;
			files = (
			);
			inputPaths = (
				"${PODS_PODFILE_DIR_PATH}/Podfile.lock",
				"${PODS_ROOT}/Manifest.lock",
			);
			name = "[CP] Check Pods Manifest.lock";
			outputPaths = (
				"$(DERIVED_FILE_DIR)/Pods-TourusUITests-checkManifestLockResult.txt",
			);
			runOnlyForDeploymentPostprocessing = 0;
			shellPath = /bin/sh;
			shellScript = "diff \"${PODS_PODFILE_DIR_PATH}/Podfile.lock\" \"${PODS_ROOT}/Manifest.lock\" > /dev/null\nif [ $? != 0 ] ; then\n    # print error to STDERR\n    echo \"error: The sandbox is not in sync with the Podfile.lock. Run 'pod install' or update your CocoaPods installation.\" >&2\n    exit 1\nfi\n# This output is used by Xcode 'outputs' to avoid re-running this script phase.\necho \"SUCCESS\" > \"${SCRIPT_OUTPUT_FILE_0}\"\n";
			showEnvVarsInLog = 0;
		};
		99F1612320EB56BCE8F98945 /* [CP] Copy Pods Resources */ = {
			isa = PBXShellScriptBuildPhase;
			buildActionMask = 2147483647;
			files = (
			);
			inputPaths = (
				"${SRCROOT}/Pods/Target Support Files/Pods-Tourus/Pods-Tourus-resources.sh",
				"${PODS_ROOT}/GoogleMaps/Maps/Frameworks/GoogleMaps.framework/Resources/GoogleMaps.bundle",
				"${PODS_ROOT}/GooglePlaces/Frameworks/GooglePlaces.framework/Resources/GooglePlaces.bundle",
			);
			name = "[CP] Copy Pods Resources";
			outputPaths = (
				"${TARGET_BUILD_DIR}/${UNLOCALIZED_RESOURCES_FOLDER_PATH}/GoogleMaps.bundle",
				"${TARGET_BUILD_DIR}/${UNLOCALIZED_RESOURCES_FOLDER_PATH}/GooglePlaces.bundle",
			);
			runOnlyForDeploymentPostprocessing = 0;
			shellPath = /bin/sh;
			shellScript = "\"${SRCROOT}/Pods/Target Support Files/Pods-Tourus/Pods-Tourus-resources.sh\"\n";
			showEnvVarsInLog = 0;
		};
		E81BFED3656604164071041A /* [CP] Embed Pods Frameworks */ = {
			isa = PBXShellScriptBuildPhase;
			buildActionMask = 2147483647;
			files = (
			);
			inputPaths = (
				"${SRCROOT}/Pods/Target Support Files/Pods-Tourus/Pods-Tourus-frameworks.sh",
				"${BUILT_PRODUCTS_DIR}/BoringSSL-GRPC/openssl_grpc.framework",
				"${BUILT_PRODUCTS_DIR}/Cosmos/Cosmos.framework",
				"${BUILT_PRODUCTS_DIR}/GTMSessionFetcher/GTMSessionFetcher.framework",
				"${BUILT_PRODUCTS_DIR}/GoogleUtilities/GoogleUtilities.framework",
				"${BUILT_PRODUCTS_DIR}/Protobuf/Protobuf.framework",
				"${BUILT_PRODUCTS_DIR}/TinyConstraints/TinyConstraints.framework",
				"${BUILT_PRODUCTS_DIR}/gRPC-C++/grpcpp.framework",
				"${BUILT_PRODUCTS_DIR}/gRPC-Core/grpc.framework",
				"${BUILT_PRODUCTS_DIR}/leveldb-library/leveldb.framework",
				"${BUILT_PRODUCTS_DIR}/nanopb/nanopb.framework",
			);
			name = "[CP] Embed Pods Frameworks";
			outputPaths = (
				"${TARGET_BUILD_DIR}/${FRAMEWORKS_FOLDER_PATH}/openssl_grpc.framework",
				"${TARGET_BUILD_DIR}/${FRAMEWORKS_FOLDER_PATH}/Cosmos.framework",
				"${TARGET_BUILD_DIR}/${FRAMEWORKS_FOLDER_PATH}/GTMSessionFetcher.framework",
				"${TARGET_BUILD_DIR}/${FRAMEWORKS_FOLDER_PATH}/GoogleUtilities.framework",
				"${TARGET_BUILD_DIR}/${FRAMEWORKS_FOLDER_PATH}/Protobuf.framework",
				"${TARGET_BUILD_DIR}/${FRAMEWORKS_FOLDER_PATH}/TinyConstraints.framework",
				"${TARGET_BUILD_DIR}/${FRAMEWORKS_FOLDER_PATH}/grpcpp.framework",
				"${TARGET_BUILD_DIR}/${FRAMEWORKS_FOLDER_PATH}/grpc.framework",
				"${TARGET_BUILD_DIR}/${FRAMEWORKS_FOLDER_PATH}/leveldb.framework",
				"${TARGET_BUILD_DIR}/${FRAMEWORKS_FOLDER_PATH}/nanopb.framework",
			);
			runOnlyForDeploymentPostprocessing = 0;
			shellPath = /bin/sh;
			shellScript = "\"${SRCROOT}/Pods/Target Support Files/Pods-Tourus/Pods-Tourus-frameworks.sh\"\n";
			showEnvVarsInLog = 0;
		};
		F63ABCE8B177A25C7B5A44FD /* [CP] Check Pods Manifest.lock */ = {
			isa = PBXShellScriptBuildPhase;
			buildActionMask = 2147483647;
			files = (
			);
			inputPaths = (
				"${PODS_PODFILE_DIR_PATH}/Podfile.lock",
				"${PODS_ROOT}/Manifest.lock",
			);
			name = "[CP] Check Pods Manifest.lock";
			outputPaths = (
				"$(DERIVED_FILE_DIR)/Pods-TourusTests-checkManifestLockResult.txt",
			);
			runOnlyForDeploymentPostprocessing = 0;
			shellPath = /bin/sh;
			shellScript = "diff \"${PODS_PODFILE_DIR_PATH}/Podfile.lock\" \"${PODS_ROOT}/Manifest.lock\" > /dev/null\nif [ $? != 0 ] ; then\n    # print error to STDERR\n    echo \"error: The sandbox is not in sync with the Podfile.lock. Run 'pod install' or update your CocoaPods installation.\" >&2\n    exit 1\nfi\n# This output is used by Xcode 'outputs' to avoid re-running this script phase.\necho \"SUCCESS\" > \"${SCRIPT_OUTPUT_FILE_0}\"\n";
			showEnvVarsInLog = 0;
		};
/* End PBXShellScriptBuildPhase section */

/* Begin PBXSourcesBuildPhase section */
		84D2D43F21CE6AAC004524D3 /* Sources */ = {
			isa = PBXSourcesBuildPhase;
			buildActionMask = 2147483647;
			files = (
				84DAFA3F21DEB462009DAC2E /* MainViewController.swift in Sources */,
				84B4B97A228751D200906B27 /* PopTip+Draw.swift in Sources */,
				8440930F222AE7EB007E058D /* Place.swift in Sources */,
				84E3673121E15EC500122FD8 /* SBCardPopupViewController.swift in Sources */,
				843F5E5F21DD59C60098FA3E /* NotificationModel.swift in Sources */,
				84690E1E22984DEC000959A9 /* RoundUIImageView.swift in Sources */,
				84690E1822982BCB000959A9 /* RoundUIView.swift in Sources */,
				843F5E5B21DD58B80098FA3E /* MainModel.swift in Sources */,
				849CA33B226F433900C5DC55 /* GraphView.swift in Sources */,
				842F902B22416C8600003932 /* OptionSqlExtension.swift in Sources */,
				849D3EAF21DE8D18002F74B2 /* RegisterViewController.swift in Sources */,
				843F5E5921DD55440098FA3E /* FirebaseModel.swift in Sources */,
				8448D806224F6CC800594661 /* GooglePlace.swift in Sources */,
				8458502D21E3CA5500DF7C68 /* UIOptionButton.swift in Sources */,
				8458503521E3E51200DF7C68 /* UIColorExtension.swift in Sources */,
				8449C6E421E1362C002A6AF6 /* UiImageExtension.swift in Sources */,
				8449C6F221E14748002A6AF6 /* OHCircleSegue.swift in Sources */,
				84E3672A21E1573900122FD8 /* UserInfoSqlExtension.swift in Sources */,
				849D3EB121DE8D2D002F74B2 /* LoginViewController.swift in Sources */,
				84690E12229821E2000959A9 /* MoreInfoViewController.swift in Sources */,
				84A50BC9225BC102001C2C06 /* UIApplicationExtension.swift in Sources */,
				8449C6F021E14093002A6AF6 /* SettingsViewController.swift in Sources */,
				845D1F8F223FEC2000C73585 /* InteractionSqlExtension.swift in Sources */,
				84E3672D21E1578A00122FD8 /* LastUpdateSplDates.swift in Sources */,
				8448D808224F95F700594661 /* GooglePlacesResponse.swift in Sources */,
				8458503321E3D85900DF7C68 /* Interaction.swift in Sources */,
				843F5E5D21DD593F0098FA3E /* SqlModel.swift in Sources */,
				84B4B97C228751EB00906B27 /* PopTip+Transitions.swift in Sources */,
				8449C6E121E13280002A6AF6 /* BuisyIndicator.swift in Sources */,
				846F9B22229298970046927A /* InteractionStory.swift in Sources */,
				849D3EB321DE8F4A002F74B2 /* Consts.swift in Sources */,
				84B4B9782287516900906B27 /* PopTip.swift in Sources */,
				8458503721E4049100DF7C68 /* UIViewExtension.swift in Sources */,
				849D3EB921DE91E2002F74B2 /* UserInfo.swift in Sources */,
				84D2D44721CE6AAC004524D3 /* AppDelegate.swift in Sources */,
				8440930D222AD2F1007E058D /* PlacesModel.swift in Sources */,
				84AF72FD22466D9B00029F48 /* AlgorithmModel.swift in Sources */,
			);
			runOnlyForDeploymentPostprocessing = 0;
		};
		84D2D45321CE6AAE004524D3 /* Sources */ = {
			isa = PBXSourcesBuildPhase;
			buildActionMask = 2147483647;
			files = (
				84D2D45C21CE6AAE004524D3 /* TourusTests.swift in Sources */,
			);
			runOnlyForDeploymentPostprocessing = 0;
		};
		84D2D45E21CE6AAE004524D3 /* Sources */ = {
			isa = PBXSourcesBuildPhase;
			buildActionMask = 2147483647;
			files = (
				84D2D46721CE6AAE004524D3 /* TourusUITests.swift in Sources */,
			);
			runOnlyForDeploymentPostprocessing = 0;
		};
/* End PBXSourcesBuildPhase section */

/* Begin PBXTargetDependency section */
		84D2D45921CE6AAE004524D3 /* PBXTargetDependency */ = {
			isa = PBXTargetDependency;
			target = 84D2D44221CE6AAC004524D3 /* Tourus */;
			targetProxy = 84D2D45821CE6AAE004524D3 /* PBXContainerItemProxy */;
		};
		84D2D46421CE6AAE004524D3 /* PBXTargetDependency */ = {
			isa = PBXTargetDependency;
			target = 84D2D44221CE6AAC004524D3 /* Tourus */;
			targetProxy = 84D2D46321CE6AAE004524D3 /* PBXContainerItemProxy */;
		};
/* End PBXTargetDependency section */

/* Begin PBXVariantGroup section */
		84D2D44A21CE6AAC004524D3 /* Main.storyboard */ = {
			isa = PBXVariantGroup;
			children = (
				84D2D44B21CE6AAC004524D3 /* Base */,
			);
			name = Main.storyboard;
			sourceTree = "<group>";
		};
/* End PBXVariantGroup section */

/* Begin XCBuildConfiguration section */
		84D2D46921CE6AAE004524D3 /* Debug */ = {
			isa = XCBuildConfiguration;
			buildSettings = {
				ALWAYS_SEARCH_USER_PATHS = NO;
				CLANG_ANALYZER_NONNULL = YES;
				CLANG_ANALYZER_NUMBER_OBJECT_CONVERSION = YES_AGGRESSIVE;
				CLANG_CXX_LANGUAGE_STANDARD = "gnu++14";
				CLANG_CXX_LIBRARY = "libc++";
				CLANG_ENABLE_MODULES = YES;
				CLANG_ENABLE_OBJC_ARC = YES;
				CLANG_ENABLE_OBJC_WEAK = YES;
				CLANG_WARN_BLOCK_CAPTURE_AUTORELEASING = YES;
				CLANG_WARN_BOOL_CONVERSION = YES;
				CLANG_WARN_COMMA = YES;
				CLANG_WARN_CONSTANT_CONVERSION = YES;
				CLANG_WARN_DEPRECATED_OBJC_IMPLEMENTATIONS = YES;
				CLANG_WARN_DIRECT_OBJC_ISA_USAGE = YES_ERROR;
				CLANG_WARN_DOCUMENTATION_COMMENTS = YES;
				CLANG_WARN_EMPTY_BODY = YES;
				CLANG_WARN_ENUM_CONVERSION = YES;
				CLANG_WARN_INFINITE_RECURSION = YES;
				CLANG_WARN_INT_CONVERSION = YES;
				CLANG_WARN_NON_LITERAL_NULL_CONVERSION = YES;
				CLANG_WARN_OBJC_IMPLICIT_RETAIN_SELF = YES;
				CLANG_WARN_OBJC_LITERAL_CONVERSION = YES;
				CLANG_WARN_OBJC_ROOT_CLASS = YES_ERROR;
				CLANG_WARN_RANGE_LOOP_ANALYSIS = YES;
				CLANG_WARN_STRICT_PROTOTYPES = YES;
				CLANG_WARN_SUSPICIOUS_MOVE = YES;
				CLANG_WARN_UNGUARDED_AVAILABILITY = YES_AGGRESSIVE;
				CLANG_WARN_UNREACHABLE_CODE = YES;
				CLANG_WARN__DUPLICATE_METHOD_MATCH = YES;
				CODE_SIGN_IDENTITY = "iPhone Developer";
				COPY_PHASE_STRIP = NO;
				DEBUG_INFORMATION_FORMAT = dwarf;
				ENABLE_STRICT_OBJC_MSGSEND = YES;
				ENABLE_TESTABILITY = YES;
				GCC_C_LANGUAGE_STANDARD = gnu11;
				GCC_DYNAMIC_NO_PIC = NO;
				GCC_NO_COMMON_BLOCKS = YES;
				GCC_OPTIMIZATION_LEVEL = 0;
				GCC_PREPROCESSOR_DEFINITIONS = (
					"DEBUG=1",
					"$(inherited)",
				);
				GCC_WARN_64_TO_32_BIT_CONVERSION = YES;
				GCC_WARN_ABOUT_RETURN_TYPE = YES_ERROR;
				GCC_WARN_UNDECLARED_SELECTOR = YES;
				GCC_WARN_UNINITIALIZED_AUTOS = YES_AGGRESSIVE;
				GCC_WARN_UNUSED_FUNCTION = YES;
				GCC_WARN_UNUSED_VARIABLE = YES;
				IPHONEOS_DEPLOYMENT_TARGET = 12.1;
				MTL_ENABLE_DEBUG_INFO = INCLUDE_SOURCE;
				MTL_FAST_MATH = YES;
				ONLY_ACTIVE_ARCH = YES;
				SDKROOT = iphoneos;
				SWIFT_ACTIVE_COMPILATION_CONDITIONS = DEBUG;
				SWIFT_OPTIMIZATION_LEVEL = "-Onone";
			};
			name = Debug;
		};
		84D2D46A21CE6AAE004524D3 /* Release */ = {
			isa = XCBuildConfiguration;
			buildSettings = {
				ALWAYS_SEARCH_USER_PATHS = NO;
				CLANG_ANALYZER_NONNULL = YES;
				CLANG_ANALYZER_NUMBER_OBJECT_CONVERSION = YES_AGGRESSIVE;
				CLANG_CXX_LANGUAGE_STANDARD = "gnu++14";
				CLANG_CXX_LIBRARY = "libc++";
				CLANG_ENABLE_MODULES = YES;
				CLANG_ENABLE_OBJC_ARC = YES;
				CLANG_ENABLE_OBJC_WEAK = YES;
				CLANG_WARN_BLOCK_CAPTURE_AUTORELEASING = YES;
				CLANG_WARN_BOOL_CONVERSION = YES;
				CLANG_WARN_COMMA = YES;
				CLANG_WARN_CONSTANT_CONVERSION = YES;
				CLANG_WARN_DEPRECATED_OBJC_IMPLEMENTATIONS = YES;
				CLANG_WARN_DIRECT_OBJC_ISA_USAGE = YES_ERROR;
				CLANG_WARN_DOCUMENTATION_COMMENTS = YES;
				CLANG_WARN_EMPTY_BODY = YES;
				CLANG_WARN_ENUM_CONVERSION = YES;
				CLANG_WARN_INFINITE_RECURSION = YES;
				CLANG_WARN_INT_CONVERSION = YES;
				CLANG_WARN_NON_LITERAL_NULL_CONVERSION = YES;
				CLANG_WARN_OBJC_IMPLICIT_RETAIN_SELF = YES;
				CLANG_WARN_OBJC_LITERAL_CONVERSION = YES;
				CLANG_WARN_OBJC_ROOT_CLASS = YES_ERROR;
				CLANG_WARN_RANGE_LOOP_ANALYSIS = YES;
				CLANG_WARN_STRICT_PROTOTYPES = YES;
				CLANG_WARN_SUSPICIOUS_MOVE = YES;
				CLANG_WARN_UNGUARDED_AVAILABILITY = YES_AGGRESSIVE;
				CLANG_WARN_UNREACHABLE_CODE = YES;
				CLANG_WARN__DUPLICATE_METHOD_MATCH = YES;
				CODE_SIGN_IDENTITY = "iPhone Developer";
				COPY_PHASE_STRIP = NO;
				DEBUG_INFORMATION_FORMAT = "dwarf-with-dsym";
				ENABLE_NS_ASSERTIONS = NO;
				ENABLE_STRICT_OBJC_MSGSEND = YES;
				GCC_C_LANGUAGE_STANDARD = gnu11;
				GCC_NO_COMMON_BLOCKS = YES;
				GCC_WARN_64_TO_32_BIT_CONVERSION = YES;
				GCC_WARN_ABOUT_RETURN_TYPE = YES_ERROR;
				GCC_WARN_UNDECLARED_SELECTOR = YES;
				GCC_WARN_UNINITIALIZED_AUTOS = YES_AGGRESSIVE;
				GCC_WARN_UNUSED_FUNCTION = YES;
				GCC_WARN_UNUSED_VARIABLE = YES;
				IPHONEOS_DEPLOYMENT_TARGET = 12.1;
				MTL_ENABLE_DEBUG_INFO = NO;
				MTL_FAST_MATH = YES;
				SDKROOT = iphoneos;
				SWIFT_COMPILATION_MODE = wholemodule;
				SWIFT_OPTIMIZATION_LEVEL = "-O";
				VALIDATE_PRODUCT = YES;
			};
			name = Release;
		};
		84D2D46C21CE6AAE004524D3 /* Debug */ = {
			isa = XCBuildConfiguration;
			baseConfigurationReference = B5FE3A27884616B280352506 /* Pods-Tourus.debug.xcconfig */;
			buildSettings = {
				ASSETCATALOG_COMPILER_APPICON_NAME = AppIcon;
				CODE_SIGN_STYLE = Automatic;
				DEVELOPMENT_TEAM = HN99LM38W6;
				INFOPLIST_FILE = Tourus/Info.plist;
				IPHONEOS_DEPLOYMENT_TARGET = 12.0;
				LD_RUNPATH_SEARCH_PATHS = (
					"$(inherited)",
					"@executable_path/Frameworks",
				);
				PRODUCT_BUNDLE_IDENTIFIER = org.tourus.Tourus;
				PRODUCT_NAME = "$(TARGET_NAME)";
				SWIFT_VERSION = 4.2;
				TARGETED_DEVICE_FAMILY = "1,2";
			};
			name = Debug;
		};
		84D2D46D21CE6AAE004524D3 /* Release */ = {
			isa = XCBuildConfiguration;
			baseConfigurationReference = ECCBCDBE37C4055B7475E701 /* Pods-Tourus.release.xcconfig */;
			buildSettings = {
				ASSETCATALOG_COMPILER_APPICON_NAME = AppIcon;
				CODE_SIGN_STYLE = Automatic;
				DEVELOPMENT_TEAM = HN99LM38W6;
				INFOPLIST_FILE = Tourus/Info.plist;
				IPHONEOS_DEPLOYMENT_TARGET = 12.0;
				LD_RUNPATH_SEARCH_PATHS = (
					"$(inherited)",
					"@executable_path/Frameworks",
				);
				PRODUCT_BUNDLE_IDENTIFIER = org.tourus.Tourus;
				PRODUCT_NAME = "$(TARGET_NAME)";
				SWIFT_VERSION = 4.2;
				TARGETED_DEVICE_FAMILY = "1,2";
			};
			name = Release;
		};
		84D2D46F21CE6AAE004524D3 /* Debug */ = {
			isa = XCBuildConfiguration;
			baseConfigurationReference = 5BEDB67B36EF30DACBDB381F /* Pods-TourusTests.debug.xcconfig */;
			buildSettings = {
				ALWAYS_EMBED_SWIFT_STANDARD_LIBRARIES = YES;
				BUNDLE_LOADER = "$(TEST_HOST)";
				CODE_SIGN_STYLE = Automatic;
				DEVELOPMENT_TEAM = HN99LM38W6;
				INFOPLIST_FILE = TourusTests/Info.plist;
				LD_RUNPATH_SEARCH_PATHS = (
					"$(inherited)",
					"@executable_path/Frameworks",
					"@loader_path/Frameworks",
				);
				PRODUCT_BUNDLE_IDENTIFIER = org.tourus.TourusTests;
				PRODUCT_NAME = "$(TARGET_NAME)";
				SWIFT_VERSION = 4.2;
				TARGETED_DEVICE_FAMILY = "1,2";
				TEST_HOST = "$(BUILT_PRODUCTS_DIR)/Tourus.app/Tourus";
			};
			name = Debug;
		};
		84D2D47021CE6AAE004524D3 /* Release */ = {
			isa = XCBuildConfiguration;
			baseConfigurationReference = 02F3022251874EC8C077F2D6 /* Pods-TourusTests.release.xcconfig */;
			buildSettings = {
				ALWAYS_EMBED_SWIFT_STANDARD_LIBRARIES = YES;
				BUNDLE_LOADER = "$(TEST_HOST)";
				CODE_SIGN_STYLE = Automatic;
				DEVELOPMENT_TEAM = HN99LM38W6;
				INFOPLIST_FILE = TourusTests/Info.plist;
				LD_RUNPATH_SEARCH_PATHS = (
					"$(inherited)",
					"@executable_path/Frameworks",
					"@loader_path/Frameworks",
				);
				PRODUCT_BUNDLE_IDENTIFIER = org.tourus.TourusTests;
				PRODUCT_NAME = "$(TARGET_NAME)";
				SWIFT_VERSION = 4.2;
				TARGETED_DEVICE_FAMILY = "1,2";
				TEST_HOST = "$(BUILT_PRODUCTS_DIR)/Tourus.app/Tourus";
			};
			name = Release;
		};
		84D2D47221CE6AAE004524D3 /* Debug */ = {
			isa = XCBuildConfiguration;
			baseConfigurationReference = F87CFDDD5412DBEB90CDA8C3 /* Pods-TourusUITests.debug.xcconfig */;
			buildSettings = {
				ALWAYS_EMBED_SWIFT_STANDARD_LIBRARIES = YES;
				CODE_SIGN_STYLE = Automatic;
				DEVELOPMENT_TEAM = HN99LM38W6;
				INFOPLIST_FILE = TourusUITests/Info.plist;
				LD_RUNPATH_SEARCH_PATHS = (
					"$(inherited)",
					"@executable_path/Frameworks",
					"@loader_path/Frameworks",
				);
				PRODUCT_BUNDLE_IDENTIFIER = org.tourus.TourusUITests;
				PRODUCT_NAME = "$(TARGET_NAME)";
				SWIFT_VERSION = 4.2;
				TARGETED_DEVICE_FAMILY = "1,2";
				TEST_TARGET_NAME = Tourus;
			};
			name = Debug;
		};
		84D2D47321CE6AAE004524D3 /* Release */ = {
			isa = XCBuildConfiguration;
			baseConfigurationReference = 8F726E5FF9087ED1C78FE734 /* Pods-TourusUITests.release.xcconfig */;
			buildSettings = {
				ALWAYS_EMBED_SWIFT_STANDARD_LIBRARIES = YES;
				CODE_SIGN_STYLE = Automatic;
				DEVELOPMENT_TEAM = HN99LM38W6;
				INFOPLIST_FILE = TourusUITests/Info.plist;
				LD_RUNPATH_SEARCH_PATHS = (
					"$(inherited)",
					"@executable_path/Frameworks",
					"@loader_path/Frameworks",
				);
				PRODUCT_BUNDLE_IDENTIFIER = org.tourus.TourusUITests;
				PRODUCT_NAME = "$(TARGET_NAME)";
				SWIFT_VERSION = 4.2;
				TARGETED_DEVICE_FAMILY = "1,2";
				TEST_TARGET_NAME = Tourus;
			};
			name = Release;
		};
/* End XCBuildConfiguration section */

/* Begin XCConfigurationList section */
		84D2D43E21CE6AAC004524D3 /* Build configuration list for PBXProject "Tourus" */ = {
			isa = XCConfigurationList;
			buildConfigurations = (
				84D2D46921CE6AAE004524D3 /* Debug */,
				84D2D46A21CE6AAE004524D3 /* Release */,
			);
			defaultConfigurationIsVisible = 0;
			defaultConfigurationName = Release;
		};
		84D2D46B21CE6AAE004524D3 /* Build configuration list for PBXNativeTarget "Tourus" */ = {
			isa = XCConfigurationList;
			buildConfigurations = (
				84D2D46C21CE6AAE004524D3 /* Debug */,
				84D2D46D21CE6AAE004524D3 /* Release */,
			);
			defaultConfigurationIsVisible = 0;
			defaultConfigurationName = Release;
		};
		84D2D46E21CE6AAE004524D3 /* Build configuration list for PBXNativeTarget "TourusTests" */ = {
			isa = XCConfigurationList;
			buildConfigurations = (
				84D2D46F21CE6AAE004524D3 /* Debug */,
				84D2D47021CE6AAE004524D3 /* Release */,
			);
			defaultConfigurationIsVisible = 0;
			defaultConfigurationName = Release;
		};
		84D2D47121CE6AAE004524D3 /* Build configuration list for PBXNativeTarget "TourusUITests" */ = {
			isa = XCConfigurationList;
			buildConfigurations = (
				84D2D47221CE6AAE004524D3 /* Debug */,
				84D2D47321CE6AAE004524D3 /* Release */,
			);
			defaultConfigurationIsVisible = 0;
			defaultConfigurationName = Release;
		};
/* End XCConfigurationList section */
	};
	rootObject = 84D2D43B21CE6AAC004524D3 /* Project object */;
}
